// !$*UTF8*$!
{
	archiveVersion = 1;
	classes = {
	};
	objectVersion = 46;
	objects = {

/* Begin PBXBuildFile section */
		3464A7EF1767087D00C3815B /* Cocoa.framework in Frameworks */ = {isa = PBXBuildFile; fileRef = 3464A7EE1767087D00C3815B /* Cocoa.framework */; };
		3464A7F91767087D00C3815B /* InfoPlist.strings in Resources */ = {isa = PBXBuildFile; fileRef = 3464A7F71767087D00C3815B /* InfoPlist.strings */; };
		3464A7FB1767087D00C3815B /* main.m in Sources */ = {isa = PBXBuildFile; fileRef = 3464A7FA1767087D00C3815B /* main.m */; };
		3464A7FF1767087D00C3815B /* Credits.rtf in Resources */ = {isa = PBXBuildFile; fileRef = 3464A7FD1767087D00C3815B /* Credits.rtf */; };
		3464A8021767087D00C3815B /* LJAppDelegate.m in Sources */ = {isa = PBXBuildFile; fileRef = 3464A8011767087D00C3815B /* LJAppDelegate.m */; };
		3464A8051767087E00C3815B /* MainMenu.xib in Resources */ = {isa = PBXBuildFile; fileRef = 3464A8031767087E00C3815B /* MainMenu.xib */; };
		3464A80D1767087E00C3815B /* SenTestingKit.framework in Frameworks */ = {isa = PBXBuildFile; fileRef = 3464A80C1767087E00C3815B /* SenTestingKit.framework */; };
		3464A80E1767087E00C3815B /* Cocoa.framework in Frameworks */ = {isa = PBXBuildFile; fileRef = 3464A7EE1767087D00C3815B /* Cocoa.framework */; };
		3464A8161767087E00C3815B /* InfoPlist.strings in Resources */ = {isa = PBXBuildFile; fileRef = 3464A8141767087E00C3815B /* InfoPlist.strings */; };
		3464A8191767087E00C3815B /* LJSelectionViewDemoTests.m in Sources */ = {isa = PBXBuildFile; fileRef = 3464A8181767087E00C3815B /* LJSelectionViewDemoTests.m */; };
		3464A82417670B9C00C3815B /* LJSelectionView.m in Sources */ = {isa = PBXBuildFile; fileRef = 3464A82317670B9C00C3815B /* LJSelectionView.m */; };
		3464A827176711CD00C3815B /* LJSelectionRectView.m in Sources */ = {isa = PBXBuildFile; fileRef = 3464A826176711CD00C3815B /* LJSelectionRectView.m */; };
		3464A82A176718D600C3815B /* LJSelectionViewController.m in Sources */ = {isa = PBXBuildFile; fileRef = 3464A829176718D600C3815B /* LJSelectionViewController.m */; };
		3498F927176AE5D000114C57 /* LJSelectionItemView.m in Sources */ = {isa = PBXBuildFile; fileRef = 3498F926176AE5D000114C57 /* LJSelectionItemView.m */; };
		34CDCF4B17682F5E00EEFD18 /* Lenna.png in Resources */ = {isa = PBXBuildFile; fileRef = 34CDCF4A17682F5E00EEFD18 /* Lenna.png */; };
/* End PBXBuildFile section */

/* Begin PBXContainerItemProxy section */
		3464A80F1767087E00C3815B /* PBXContainerItemProxy */ = {
			isa = PBXContainerItemProxy;
			containerPortal = 3464A7E31767087D00C3815B /* Project object */;
			proxyType = 1;
			remoteGlobalIDString = 3464A7EA1767087D00C3815B;
			remoteInfo = LJSelectionViewDemo;
		};
/* End PBXContainerItemProxy section */

/* Begin PBXFileReference section */
		3464A7EB1767087D00C3815B /* LJSelectionViewDemo.app */ = {isa = PBXFileReference; explicitFileType = wrapper.application; includeInIndex = 0; path = LJSelectionViewDemo.app; sourceTree = BUILT_PRODUCTS_DIR; };
		3464A7EE1767087D00C3815B /* Cocoa.framework */ = {isa = PBXFileReference; lastKnownFileType = wrapper.framework; name = Cocoa.framework; path = System/Library/Frameworks/Cocoa.framework; sourceTree = SDKROOT; };
		3464A7F11767087D00C3815B /* AppKit.framework */ = {isa = PBXFileReference; lastKnownFileType = wrapper.framework; name = AppKit.framework; path = System/Library/Frameworks/AppKit.framework; sourceTree = SDKROOT; };
		3464A7F21767087D00C3815B /* CoreData.framework */ = {isa = PBXFileReference; lastKnownFileType = wrapper.framework; name = CoreData.framework; path = System/Library/Frameworks/CoreData.framework; sourceTree = SDKROOT; };
		3464A7F31767087D00C3815B /* Foundation.framework */ = {isa = PBXFileReference; lastKnownFileType = wrapper.framework; name = Foundation.framework; path = System/Library/Frameworks/Foundation.framework; sourceTree = SDKROOT; };
		3464A7F61767087D00C3815B /* LJSelectionViewDemo-Info.plist */ = {isa = PBXFileReference; lastKnownFileType = text.plist.xml; path = "LJSelectionViewDemo-Info.plist"; sourceTree = "<group>"; };
		3464A7F81767087D00C3815B /* en */ = {isa = PBXFileReference; lastKnownFileType = text.plist.strings; name = en; path = en.lproj/InfoPlist.strings; sourceTree = "<group>"; };
		3464A7FA1767087D00C3815B /* main.m */ = {isa = PBXFileReference; lastKnownFileType = sourcecode.c.objc; path = main.m; sourceTree = "<group>"; };
		3464A7FC1767087D00C3815B /* LJSelectionViewDemo-Prefix.pch */ = {isa = PBXFileReference; lastKnownFileType = sourcecode.c.h; path = "LJSelectionViewDemo-Prefix.pch"; sourceTree = "<group>"; };
		3464A7FE1767087D00C3815B /* en */ = {isa = PBXFileReference; lastKnownFileType = text.rtf; name = en; path = en.lproj/Credits.rtf; sourceTree = "<group>"; };
		3464A8001767087D00C3815B /* LJAppDelegate.h */ = {isa = PBXFileReference; lastKnownFileType = sourcecode.c.h; path = LJAppDelegate.h; sourceTree = "<group>"; };
		3464A8011767087D00C3815B /* LJAppDelegate.m */ = {isa = PBXFileReference; lastKnownFileType = sourcecode.c.objc; path = LJAppDelegate.m; sourceTree = "<group>"; };
		3464A8041767087E00C3815B /* en */ = {isa = PBXFileReference; lastKnownFileType = file.xib; name = en; path = en.lproj/MainMenu.xib; sourceTree = "<group>"; };
		3464A80B1767087E00C3815B /* LJSelectionViewDemoTests.octest */ = {isa = PBXFileReference; explicitFileType = wrapper.cfbundle; includeInIndex = 0; path = LJSelectionViewDemoTests.octest; sourceTree = BUILT_PRODUCTS_DIR; };
		3464A80C1767087E00C3815B /* SenTestingKit.framework */ = {isa = PBXFileReference; lastKnownFileType = wrapper.framework; name = SenTestingKit.framework; path = Library/Frameworks/SenTestingKit.framework; sourceTree = DEVELOPER_DIR; };
		3464A8131767087E00C3815B /* LJSelectionViewDemoTests-Info.plist */ = {isa = PBXFileReference; lastKnownFileType = text.plist.xml; path = "LJSelectionViewDemoTests-Info.plist"; sourceTree = "<group>"; };
		3464A8151767087E00C3815B /* en */ = {isa = PBXFileReference; lastKnownFileType = text.plist.strings; name = en; path = en.lproj/InfoPlist.strings; sourceTree = "<group>"; };
		3464A8171767087E00C3815B /* LJSelectionViewDemoTests.h */ = {isa = PBXFileReference; lastKnownFileType = sourcecode.c.h; path = LJSelectionViewDemoTests.h; sourceTree = "<group>"; };
		3464A8181767087E00C3815B /* LJSelectionViewDemoTests.m */ = {isa = PBXFileReference; lastKnownFileType = sourcecode.c.objc; path = LJSelectionViewDemoTests.m; sourceTree = "<group>"; };
		3464A82217670B9C00C3815B /* LJSelectionView.h */ = {isa = PBXFileReference; fileEncoding = 4; lastKnownFileType = sourcecode.c.h; path = LJSelectionView.h; sourceTree = "<group>"; };
		3464A82317670B9C00C3815B /* LJSelectionView.m */ = {isa = PBXFileReference; fileEncoding = 4; lastKnownFileType = sourcecode.c.objc; path = LJSelectionView.m; sourceTree = "<group>"; };
		3464A825176711CD00C3815B /* LJSelectionRectView.h */ = {isa = PBXFileReference; fileEncoding = 4; lastKnownFileType = sourcecode.c.h; path = LJSelectionRectView.h; sourceTree = "<group>"; };
		3464A826176711CD00C3815B /* LJSelectionRectView.m */ = {isa = PBXFileReference; fileEncoding = 4; lastKnownFileType = sourcecode.c.objc; path = LJSelectionRectView.m; sourceTree = "<group>"; };
		3464A828176718D600C3815B /* LJSelectionViewController.h */ = {isa = PBXFileReference; fileEncoding = 4; lastKnownFileType = sourcecode.c.h; path = LJSelectionViewController.h; sourceTree = "<group>"; };
		3464A829176718D600C3815B /* LJSelectionViewController.m */ = {isa = PBXFileReference; fileEncoding = 4; lastKnownFileType = sourcecode.c.objc; path = LJSelectionViewController.m; sourceTree = "<group>"; };
		3498F925176AE5D000114C57 /* LJSelectionItemView.h */ = {isa = PBXFileReference; fileEncoding = 4; lastKnownFileType = sourcecode.c.h; path = LJSelectionItemView.h; sourceTree = "<group>"; };
		3498F926176AE5D000114C57 /* LJSelectionItemView.m */ = {isa = PBXFileReference; fileEncoding = 4; lastKnownFileType = sourcecode.c.objc; path = LJSelectionItemView.m; sourceTree = "<group>"; };
		34CDCF4A17682F5E00EEFD18 /* Lenna.png */ = {isa = PBXFileReference; lastKnownFileType = image.png; path = Lenna.png; sourceTree = "<group>"; };
/* End PBXFileReference section */

/* Begin PBXFrameworksBuildPhase section */
		3464A7E81767087D00C3815B /* Frameworks */ = {
			isa = PBXFrameworksBuildPhase;
			buildActionMask = 2147483647;
			files = (
				3464A7EF1767087D00C3815B /* Cocoa.framework in Frameworks */,
			);
			runOnlyForDeploymentPostprocessing = 0;
		};
		3464A8071767087E00C3815B /* Frameworks */ = {
			isa = PBXFrameworksBuildPhase;
			buildActionMask = 2147483647;
			files = (
				3464A80D1767087E00C3815B /* SenTestingKit.framework in Frameworks */,
				3464A80E1767087E00C3815B /* Cocoa.framework in Frameworks */,
			);
			runOnlyForDeploymentPostprocessing = 0;
		};
/* End PBXFrameworksBuildPhase section */

/* Begin PBXGroup section */
		3464A7E21767087D00C3815B = {
			isa = PBXGroup;
			children = (
				3464A7F41767087D00C3815B /* LJSelectionViewDemo */,
				3464A8111767087E00C3815B /* LJSelectionViewDemoTests */,
				3464A7ED1767087D00C3815B /* Frameworks */,
				3464A7EC1767087D00C3815B /* Products */,
			);
			sourceTree = "<group>";
		};
		3464A7EC1767087D00C3815B /* Products */ = {
			isa = PBXGroup;
			children = (
				3464A7EB1767087D00C3815B /* LJSelectionViewDemo.app */,
				3464A80B1767087E00C3815B /* LJSelectionViewDemoTests.octest */,
			);
			name = Products;
			sourceTree = "<group>";
		};
		3464A7ED1767087D00C3815B /* Frameworks */ = {
			isa = PBXGroup;
			children = (
				3464A7EE1767087D00C3815B /* Cocoa.framework */,
				3464A80C1767087E00C3815B /* SenTestingKit.framework */,
				3464A7F01767087D00C3815B /* Other Frameworks */,
			);
			name = Frameworks;
			sourceTree = "<group>";
		};
		3464A7F01767087D00C3815B /* Other Frameworks */ = {
			isa = PBXGroup;
			children = (
				3464A7F11767087D00C3815B /* AppKit.framework */,
				3464A7F21767087D00C3815B /* CoreData.framework */,
				3464A7F31767087D00C3815B /* Foundation.framework */,
			);
			name = "Other Frameworks";
			sourceTree = "<group>";
		};
		3464A7F41767087D00C3815B /* LJSelectionViewDemo */ = {
			isa = PBXGroup;
			children = (
				3464A8001767087D00C3815B /* LJAppDelegate.h */,
				3464A8011767087D00C3815B /* LJAppDelegate.m */,
				3464A828176718D600C3815B /* LJSelectionViewController.h */,
				3464A829176718D600C3815B /* LJSelectionViewController.m */,
				3464A82217670B9C00C3815B /* LJSelectionView.h */,
				3464A82317670B9C00C3815B /* LJSelectionView.m */,
				3498F925176AE5D000114C57 /* LJSelectionItemView.h */,
				3498F926176AE5D000114C57 /* LJSelectionItemView.m */,
				3464A825176711CD00C3815B /* LJSelectionRectView.h */,
				3464A826176711CD00C3815B /* LJSelectionRectView.m */,
				3464A8031767087E00C3815B /* MainMenu.xib */,
				3464A7F51767087D00C3815B /* Supporting Files */,
			);
			path = LJSelectionViewDemo;
			sourceTree = "<group>";
		};
		3464A7F51767087D00C3815B /* Supporting Files */ = {
			isa = PBXGroup;
			children = (
				34CDCF4A17682F5E00EEFD18 /* Lenna.png */,
				3464A7F61767087D00C3815B /* LJSelectionViewDemo-Info.plist */,
				3464A7F71767087D00C3815B /* InfoPlist.strings */,
				3464A7FA1767087D00C3815B /* main.m */,
				3464A7FC1767087D00C3815B /* LJSelectionViewDemo-Prefix.pch */,
				3464A7FD1767087D00C3815B /* Credits.rtf */,
			);
			name = "Supporting Files";
			sourceTree = "<group>";
		};
		3464A8111767087E00C3815B /* LJSelectionViewDemoTests */ = {
			isa = PBXGroup;
			children = (
				3464A8171767087E00C3815B /* LJSelectionViewDemoTests.h */,
				3464A8181767087E00C3815B /* LJSelectionViewDemoTests.m */,
				3464A8121767087E00C3815B /* Supporting Files */,
			);
			path = LJSelectionViewDemoTests;
			sourceTree = "<group>";
		};
		3464A8121767087E00C3815B /* Supporting Files */ = {
			isa = PBXGroup;
			children = (
				3464A8131767087E00C3815B /* LJSelectionViewDemoTests-Info.plist */,
				3464A8141767087E00C3815B /* InfoPlist.strings */,
			);
			name = "Supporting Files";
			sourceTree = "<group>";
		};
/* End PBXGroup section */

/* Begin PBXNativeTarget section */
		3464A7EA1767087D00C3815B /* LJSelectionViewDemo */ = {
			isa = PBXNativeTarget;
			buildConfigurationList = 3464A81C1767087E00C3815B /* Build configuration list for PBXNativeTarget "LJSelectionViewDemo" */;
			buildPhases = (
				3464A7E71767087D00C3815B /* Sources */,
				3464A7E81767087D00C3815B /* Frameworks */,
				3464A7E91767087D00C3815B /* Resources */,
			);
			buildRules = (
			);
			dependencies = (
			);
			name = LJSelectionViewDemo;
			productName = LJSelectionViewDemo;
			productReference = 3464A7EB1767087D00C3815B /* LJSelectionViewDemo.app */;
			productType = "com.apple.product-type.application";
		};
		3464A80A1767087E00C3815B /* LJSelectionViewDemoTests */ = {
			isa = PBXNativeTarget;
			buildConfigurationList = 3464A81F1767087E00C3815B /* Build configuration list for PBXNativeTarget "LJSelectionViewDemoTests" */;
			buildPhases = (
				3464A8061767087E00C3815B /* Sources */,
				3464A8071767087E00C3815B /* Frameworks */,
				3464A8081767087E00C3815B /* Resources */,
				3464A8091767087E00C3815B /* ShellScript */,
			);
			buildRules = (
			);
			dependencies = (
				3464A8101767087E00C3815B /* PBXTargetDependency */,
			);
			name = LJSelectionViewDemoTests;
			productName = LJSelectionViewDemoTests;
			productReference = 3464A80B1767087E00C3815B /* LJSelectionViewDemoTests.octest */;
			productType = "com.apple.product-type.bundle";
		};
/* End PBXNativeTarget section */

/* Begin PBXProject section */
		3464A7E31767087D00C3815B /* Project object */ = {
			isa = PBXProject;
			attributes = {
				CLASSPREFIX = LJ;
				LastUpgradeCheck = 0460;
				ORGANIZATIONNAME = lattejed.com;
			};
			buildConfigurationList = 3464A7E61767087D00C3815B /* Build configuration list for PBXProject "LJSelectionViewDemo" */;
			compatibilityVersion = "Xcode 3.2";
			developmentRegion = English;
			hasScannedForEncodings = 0;
			knownRegions = (
				en,
			);
			mainGroup = 3464A7E21767087D00C3815B;
			productRefGroup = 3464A7EC1767087D00C3815B /* Products */;
			projectDirPath = "";
			projectRoot = "";
			targets = (
				3464A7EA1767087D00C3815B /* LJSelectionViewDemo */,
				3464A80A1767087E00C3815B /* LJSelectionViewDemoTests */,
			);
		};
/* End PBXProject section */

/* Begin PBXResourcesBuildPhase section */
		3464A7E91767087D00C3815B /* Resources */ = {
			isa = PBXResourcesBuildPhase;
			buildActionMask = 2147483647;
			files = (
				3464A7F91767087D00C3815B /* InfoPlist.strings in Resources */,
				3464A7FF1767087D00C3815B /* Credits.rtf in Resources */,
				3464A8051767087E00C3815B /* MainMenu.xib in Resources */,
				34CDCF4B17682F5E00EEFD18 /* Lenna.png in Resources */,
			);
			runOnlyForDeploymentPostprocessing = 0;
		};
		3464A8081767087E00C3815B /* Resources */ = {
			isa = PBXResourcesBuildPhase;
			buildActionMask = 2147483647;
			files = (
				3464A8161767087E00C3815B /* InfoPlist.strings in Resources */,
			);
			runOnlyForDeploymentPostprocessing = 0;
		};
/* End PBXResourcesBuildPhase section */

/* Begin PBXShellScriptBuildPhase section */
		3464A8091767087E00C3815B /* ShellScript */ = {
			isa = PBXShellScriptBuildPhase;
			buildActionMask = 2147483647;
			files = (
			);
			inputPaths = (
			);
			outputPaths = (
			);
			runOnlyForDeploymentPostprocessing = 0;
			shellPath = /bin/sh;
			shellScript = "# Run the unit tests in this test bundle.\n\"${SYSTEM_DEVELOPER_DIR}/Tools/RunUnitTests\"\n";
		};
/* End PBXShellScriptBuildPhase section */

/* Begin PBXSourcesBuildPhase section */
		3464A7E71767087D00C3815B /* Sources */ = {
			isa = PBXSourcesBuildPhase;
			buildActionMask = 2147483647;
			files = (
				3464A7FB1767087D00C3815B /* main.m in Sources */,
				3464A8021767087D00C3815B /* LJAppDelegate.m in Sources */,
				3464A82417670B9C00C3815B /* LJSelectionView.m in Sources */,
				3464A827176711CD00C3815B /* LJSelectionRectView.m in Sources */,
				3464A82A176718D600C3815B /* LJSelectionViewController.m in Sources */,
				3498F927176AE5D000114C57 /* LJSelectionItemView.m in Sources */,
			);
			runOnlyForDeploymentPostprocessing = 0;
		};
		3464A8061767087E00C3815B /* Sources */ = {
			isa = PBXSourcesBuildPhase;
			buildActionMask = 2147483647;
			files = (
				3464A8191767087E00C3815B /* LJSelectionViewDemoTests.m in Sources */,
			);
			runOnlyForDeploymentPostprocessing = 0;
		};
/* End PBXSourcesBuildPhase section */

/* Begin PBXTargetDependency section */
		3464A8101767087E00C3815B /* PBXTargetDependency */ = {
			isa = PBXTargetDependency;
			target = 3464A7EA1767087D00C3815B /* LJSelectionViewDemo */;
			targetProxy = 3464A80F1767087E00C3815B /* PBXContainerItemProxy */;
		};
/* End PBXTargetDependency section */

/* Begin PBXVariantGroup section */
		3464A7F71767087D00C3815B /* InfoPlist.strings */ = {
			isa = PBXVariantGroup;
			children = (
				3464A7F81767087D00C3815B /* en */,
			);
			name = InfoPlist.strings;
			sourceTree = "<group>";
		};
		3464A7FD1767087D00C3815B /* Credits.rtf */ = {
			isa = PBXVariantGroup;
			children = (
				3464A7FE1767087D00C3815B /* en */,
			);
			name = Credits.rtf;
			sourceTree = "<group>";
		};
		3464A8031767087E00C3815B /* MainMenu.xib */ = {
			isa = PBXVariantGroup;
			children = (
				3464A8041767087E00C3815B /* en */,
			);
			name = MainMenu.xib;
			sourceTree = "<group>";
		};
		3464A8141767087E00C3815B /* InfoPlist.strings */ = {
			isa = PBXVariantGroup;
			children = (
				3464A8151767087E00C3815B /* en */,
			);
			name = InfoPlist.strings;
			sourceTree = "<group>";
		};
/* End PBXVariantGroup section */

/* Begin XCBuildConfiguration section */
		3464A81A1767087E00C3815B /* Debug */ = {
			isa = XCBuildConfiguration;
			buildSettings = {
				ALWAYS_SEARCH_USER_PATHS = NO;
				ARCHS = "$(ARCHS_STANDARD_64_BIT)";
				CLANG_CXX_LANGUAGE_STANDARD = "gnu++0x";
				CLANG_CXX_LIBRARY = "libc++";
				CLANG_WARN_CONSTANT_CONVERSION = YES;
				CLANG_WARN_EMPTY_BODY = YES;
				CLANG_WARN_ENUM_CONVERSION = YES;
				CLANG_WARN_INT_CONVERSION = YES;
				CLANG_WARN__DUPLICATE_METHOD_MATCH = YES;
				COPY_PHASE_STRIP = NO;
				GCC_C_LANGUAGE_STANDARD = gnu99;
				GCC_DYNAMIC_NO_PIC = NO;
				GCC_ENABLE_OBJC_EXCEPTIONS = YES;
				GCC_OPTIMIZATION_LEVEL = 0;
				GCC_PREPROCESSOR_DEFINITIONS = (
					"DEBUG=1",
					"$(inherited)",
				);
				GCC_SYMBOLS_PRIVATE_EXTERN = NO;
				GCC_WARN_64_TO_32_BIT_CONVERSION = YES;
				GCC_WARN_ABOUT_RETURN_TYPE = YES;
				GCC_WARN_UNINITIALIZED_AUTOS = YES;
				GCC_WARN_UNUSED_VARIABLE = YES;
				MACOSX_DEPLOYMENT_TARGET = 10.8;
				ONLY_ACTIVE_ARCH = YES;
				SDKROOT = macosx;
			};
			name = Debug;
		};
		3464A81B1767087E00C3815B /* Release */ = {
			isa = XCBuildConfiguration;
			buildSettings = {
				ALWAYS_SEARCH_USER_PATHS = NO;
				ARCHS = "$(ARCHS_STANDARD_64_BIT)";
				CLANG_CXX_LANGUAGE_STANDARD = "gnu++0x";
				CLANG_CXX_LIBRARY = "libc++";
				CLANG_WARN_CONSTANT_CONVERSION = YES;
				CLANG_WARN_EMPTY_BODY = YES;
				CLANG_WARN_ENUM_CONVERSION = YES;
				CLANG_WARN_INT_CONVERSION = YES;
				CLANG_WARN__DUPLICATE_METHOD_MATCH = YES;
				COPY_PHASE_STRIP = YES;
				DEBUG_INFORMATION_FORMAT = "dwarf-with-dsym";
				GCC_C_LANGUAGE_STANDARD = gnu99;
				GCC_ENABLE_OBJC_EXCEPTIONS = YES;
				GCC_WARN_64_TO_32_BIT_CONVERSION = YES;
				GCC_WARN_ABOUT_RETURN_TYPE = YES;
				GCC_WARN_UNINITIALIZED_AUTOS = YES;
				GCC_WARN_UNUSED_VARIABLE = YES;
				MACOSX_DEPLOYMENT_TARGET = 10.8;
				SDKROOT = macosx;
			};
			name = Release;
		};
		3464A81D1767087E00C3815B /* Debug */ = {
			isa = XCBuildConfiguration;
			buildSettings = {
				CLANG_ENABLE_OBJC_ARC = NO;
				COMBINE_HIDPI_IMAGES = YES;
				GCC_PRECOMPILE_PREFIX_HEADER = YES;
				GCC_PREFIX_HEADER = "LJSelectionViewDemo/LJSelectionViewDemo-Prefix.pch";
				INFOPLIST_FILE = "LJSelectionViewDemo/LJSelectionViewDemo-Info.plist";
				PRODUCT_NAME = "$(TARGET_NAME)";
				WRAPPER_EXTENSION = app;
			};
			name = Debug;
		};
		3464A81E1767087E00C3815B /* Release */ = {
			isa = XCBuildConfiguration;
			buildSettings = {
				CLANG_ENABLE_OBJC_ARC = NO;
				COMBINE_HIDPI_IMAGES = YES;
				GCC_PRECOMPILE_PREFIX_HEADER = YES;
				GCC_PREFIX_HEADER = "LJSelectionViewDemo/LJSelectionViewDemo-Prefix.pch";
				INFOPLIST_FILE = "LJSelectionViewDemo/LJSelectionViewDemo-Info.plist";
				PRODUCT_NAME = "$(TARGET_NAME)";
				WRAPPER_EXTENSION = app;
			};
			name = Release;
		};
		3464A8201767087E00C3815B /* Debug */ = {
			isa = XCBuildConfiguration;
			buildSettings = {
				BUNDLE_LOADER = "$(BUILT_PRODUCTS_DIR)/LJSelectionViewDemo.app/Contents/MacOS/LJSelectionViewDemo";
				CLANG_ENABLE_OBJC_ARC = YES;
				COMBINE_HIDPI_IMAGES = YES;
				FRAMEWORK_SEARCH_PATHS = "\"$(DEVELOPER_LIBRARY_DIR)/Frameworks\"";
				GCC_PRECOMPILE_PREFIX_HEADER = YES;
				GCC_PREFIX_HEADER = "LJSelectionViewDemo/LJSelectionViewDemo-Prefix.pch";
				INFOPLIST_FILE = "LJSelectionViewDemoTests/LJSelectionViewDemoTests-Info.plist";
				PRODUCT_NAME = "$(TARGET_NAME)";
				TEST_HOST = "$(BUNDLE_LOADER)";
				WRAPPER_EXTENSION = octest;
			};
			name = Debug;
		};
		3464A8211767087E00C3815B /* Release */ = {
			isa = XCBuildConfiguration;
			buildSettings = {
				BUNDLE_LOADER = "$(BUILT_PRODUCTS_DIR)/LJSelectionViewDemo.app/Contents/MacOS/LJSelectionViewDemo";
				CLANG_ENABLE_OBJC_ARC = YES;
				COMBINE_HIDPI_IMAGES = YES;
				FRAMEWORK_SEARCH_PATHS = "\"$(DEVELOPER_LIBRARY_DIR)/Frameworks\"";
				GCC_PRECOMPILE_PREFIX_HEADER = YES;
				GCC_PREFIX_HEADER = "LJSelectionViewDemo/LJSelectionViewDemo-Prefix.pch";
				INFOPLIST_FILE = "LJSelectionViewDemoTests/LJSelectionViewDemoTests-Info.plist";
				PRODUCT_NAME = "$(TARGET_NAME)";
				TEST_HOST = "$(BUNDLE_LOADER)";
				WRAPPER_EXTENSION = octest;
			};
			name = Release;
		};
/* End XCBuildConfiguration section */

/* Begin XCConfigurationList section */
		3464A7E61767087D00C3815B /* Build configuration list for PBXProject "LJSelectionViewDemo" */ = {
			isa = XCConfigurationList;
			buildConfigurations = (
				3464A81A1767087E00C3815B /* Debug */,
				3464A81B1767087E00C3815B /* Release */,
			);
			defaultConfigurationIsVisible = 0;
			defaultConfigurationName = Release;
		};
		3464A81C1767087E00C3815B /* Build configuration list for PBXNativeTarget "LJSelectionViewDemo" */ = {
			isa = XCConfigurationList;
			buildConfigurations = (
				3464A81D1767087E00C3815B /* Debug */,
				3464A81E1767087E00C3815B /* Release */,
			);
			defaultConfigurationIsVisible = 0;
			defaultConfigurationName = Release;
		};
		3464A81F1767087E00C3815B /* Build configuration list for PBXNativeTarget "LJSelectionViewDemoTests" */ = {
			isa = XCConfigurationList;
			buildConfigurations = (
				3464A8201767087E00C3815B /* Debug */,
				3464A8211767087E00C3815B /* Release */,
			);
			defaultConfigurationIsVisible = 0;
			defaultConfigurationName = Release;
		};
/* End XCConfigurationList section */
	};
	rootObject = 3464A7E31767087D00C3815B /* Project object */;
}
